
Microsoft Visual Studio Solution File, Format Version 12.00
# Visual Studio Version 17
VisualStudioVersion = 17.4.33103.184
MinimumVisualStudioVersion = 10.0.40219.1
Project("{FAE04EC0-301F-11D3-BF4B-00C04F79EFBC}") = "Web Browser", "Web Browser.csproj", "{C1962648-0121-40F5-9EAD-87448D29A16D}"
EndProject
Global
	GlobalSection(SolutionConfigurationPlatforms) = preSolution
		Debug|Any CPU = Debug|Any CPU
		Debug|x64 = Debug|x64
		Release|Any CPU = Release|Any CPU
		Release|x64 = Release|x64
	EndGlobalSection
	GlobalSection(ProjectConfigurationPlatforms) = postSolution
		{C1962648-0121-40F5-9EAD-87448D29A16D}.Debug|Any CPU.ActiveCfg = Debug|x64
		{C1962648-0121-40F5-9EAD-87448D29A16D}.Debug|Any CPU.Build.0 = Debug|x64
		{C1962648-0121-40F5-9EAD-87448D29A16D}.Debug|x64.ActiveCfg = Debug|x64
		{C1962648-0121-40F5-9EAD-87448D29A16D}.Debug|x64.Build.0 = Debug|x64
		{C1962648-0121-40F5-9EAD-87448D29A16D}.Release|Any CPU.ActiveCfg = Release|Any CPU
		{C1962648-0121-40F5-9EAD-87448D29A16D}.Release|Any CPU.Build.0 = Release|Any CPU
		{C1962648-0121-40F5-9EAD-87448D29A16D}.Release|x64.ActiveCfg = Release|x64
		{C1962648-0121-40F5-9EAD-87448D29A16D}.Release|x64.Build.0 = Release|x64
	EndGlobalSection
	GlobalSection(SolutionProperties) = preSolution
		HideSolutionNode = FALSE
	EndGlobalSection
	GlobalSection(ExtensibilityGlobals) = postSolution
		SolutionGuid = {CF768E01-6F83-4E95-A47A-80C3982D6FAA}
	EndGlobalSection
EndGlobal
